
Microsoft Visual Studio Solution File, Format Version 12.00
# Visual Studio 15
VisualStudioVersion = 15.0.27703.2000
MinimumVisualStudioVersion = 10.0.40219.1
Project("{FAE04EC0-301F-11D3-BF4B-00C04F79EFBC}") = "Lecture_1_9_Kalodzka_Mikalai", "Lecture_1_9_Kalodzka_Mikalai\Lecture_1_9_Kalodzka_Mikalai.csproj", "{C21F4019-2A1F-4C25-B27F-8D0919886EBB}"
EndProject
Project("{FAE04EC0-301F-11D3-BF4B-00C04F79EFBC}") = "Library", "Library\Library.csproj", "{6C1A9FC3-15BE-49F0-B537-BD1C53449A78}"
EndProject
Global
	GlobalSection(SolutionConfigurationPlatforms) = preSolution
		Debug|Any CPU = Debug|Any CPU
		Release|Any CPU = Release|Any CPU
	EndGlobalSection
	GlobalSection(ProjectConfigurationPlatforms) = postSolution
		{C21F4019-2A1F-4C25-B27F-8D0919886EBB}.Debug|Any CPU.ActiveCfg = Debug|Any CPU
		{C21F4019-2A1F-4C25-B27F-8D0919886EBB}.Debug|Any CPU.Build.0 = Debug|Any CPU
		{C21F4019-2A1F-4C25-B27F-8D0919886EBB}.Release|Any CPU.ActiveCfg = Release|Any CPU
		{C21F4019-2A1F-4C25-B27F-8D0919886EBB}.Release|Any CPU.Build.0 = Release|Any CPU
		{6C1A9FC3-15BE-49F0-B537-BD1C53449A78}.Debug|Any CPU.ActiveCfg = Debug|Any CPU
		{6C1A9FC3-15BE-49F0-B537-BD1C53449A78}.Debug|Any CPU.Build.0 = Debug|Any CPU
		{6C1A9FC3-15BE-49F0-B537-BD1C53449A78}.Release|Any CPU.ActiveCfg = Release|Any CPU
		{6C1A9FC3-15BE-49F0-B537-BD1C53449A78}.Release|Any CPU.Build.0 = Release|Any CPU
	EndGlobalSection
	GlobalSection(SolutionProperties) = preSolution
		HideSolutionNode = FALSE
	EndGlobalSection
	GlobalSection(ExtensibilityGlobals) = postSolution
		SolutionGuid = {F229E4ED-6699-46DA-93F0-CC98CD0E09CF}
	EndGlobalSection
EndGlobal
