
Microsoft Visual Studio Solution File, Format Version 12.00
# Visual Studio 15
VisualStudioVersion = 15.0.27703.2000
MinimumVisualStudioVersion = 10.0.40219.1
Project("{FAE04EC0-301F-11D3-BF4B-00C04F79EFBC}") = "Lecture_1_5_Kalodzka_Mikalai", "Lecture_1_5_Kalodzka_Mikalai\Lecture_1_5_Kalodzka_Mikalai.csproj", "{16662889-B67C-4CBD-BF94-EEE22622181E}"
EndProject
Global
	GlobalSection(SolutionConfigurationPlatforms) = preSolution
		Debug|Any CPU = Debug|Any CPU
		Release|Any CPU = Release|Any CPU
	EndGlobalSection
	GlobalSection(ProjectConfigurationPlatforms) = postSolution
		{16662889-B67C-4CBD-BF94-EEE22622181E}.Debug|Any CPU.ActiveCfg = Debug|Any CPU
		{16662889-B67C-4CBD-BF94-EEE22622181E}.Debug|Any CPU.Build.0 = Debug|Any CPU
		{16662889-B67C-4CBD-BF94-EEE22622181E}.Release|Any CPU.ActiveCfg = Release|Any CPU
		{16662889-B67C-4CBD-BF94-EEE22622181E}.Release|Any CPU.Build.0 = Release|Any CPU
	EndGlobalSection
	GlobalSection(SolutionProperties) = preSolution
		HideSolutionNode = FALSE
	EndGlobalSection
	GlobalSection(ExtensibilityGlobals) = postSolution
		SolutionGuid = {AE0E229F-2546-424C-BE02-D36EF9A80EBA}
	EndGlobalSection
EndGlobal
