
Microsoft Visual Studio Solution File, Format Version 12.00
# Visual Studio 15
VisualStudioVersion = 15.0.27703.2000
MinimumVisualStudioVersion = 10.0.40219.1
Project("{FAE04EC0-301F-11D3-BF4B-00C04F79EFBC}") = "Lecture_2_2_Kalodzka_Mikalai", "Lecture_2_2_Kalodzka_Mikalai\Lecture_2_2_Kalodzka_Mikalai.csproj", "{A99172F1-E964-453D-AD93-90A981082603}"
EndProject
Global
	GlobalSection(SolutionConfigurationPlatforms) = preSolution
		Debug|Any CPU = Debug|Any CPU
		Release|Any CPU = Release|Any CPU
	EndGlobalSection
	GlobalSection(ProjectConfigurationPlatforms) = postSolution
		{A99172F1-E964-453D-AD93-90A981082603}.Debug|Any CPU.ActiveCfg = Debug|Any CPU
		{A99172F1-E964-453D-AD93-90A981082603}.Debug|Any CPU.Build.0 = Debug|Any CPU
		{A99172F1-E964-453D-AD93-90A981082603}.Release|Any CPU.ActiveCfg = Release|Any CPU
		{A99172F1-E964-453D-AD93-90A981082603}.Release|Any CPU.Build.0 = Release|Any CPU
	EndGlobalSection
	GlobalSection(SolutionProperties) = preSolution
		HideSolutionNode = FALSE
	EndGlobalSection
	GlobalSection(ExtensibilityGlobals) = postSolution
		SolutionGuid = {8B64AD09-DBFC-4971-A6F3-539FADB05179}
	EndGlobalSection
EndGlobal
