
Microsoft Visual Studio Solution File, Format Version 12.00
# Visual Studio 15
VisualStudioVersion = 15.0.27703.2000
MinimumVisualStudioVersion = 10.0.40219.1
Project("{FAE04EC0-301F-11D3-BF4B-00C04F79EFBC}") = "Lecture_2_5_Kalodzka_Mikalai", "Lecture_2_5_Kalodzka_Mikalai\Lecture_2_5_Kalodzka_Mikalai.csproj", "{329A2CD1-BEA1-4CE6-8131-B40D2144504F}"
EndProject
Global
	GlobalSection(SolutionConfigurationPlatforms) = preSolution
		Debug|Any CPU = Debug|Any CPU
		Release|Any CPU = Release|Any CPU
	EndGlobalSection
	GlobalSection(ProjectConfigurationPlatforms) = postSolution
		{329A2CD1-BEA1-4CE6-8131-B40D2144504F}.Debug|Any CPU.ActiveCfg = Debug|Any CPU
		{329A2CD1-BEA1-4CE6-8131-B40D2144504F}.Debug|Any CPU.Build.0 = Debug|Any CPU
		{329A2CD1-BEA1-4CE6-8131-B40D2144504F}.Release|Any CPU.ActiveCfg = Release|Any CPU
		{329A2CD1-BEA1-4CE6-8131-B40D2144504F}.Release|Any CPU.Build.0 = Release|Any CPU
	EndGlobalSection
	GlobalSection(SolutionProperties) = preSolution
		HideSolutionNode = FALSE
	EndGlobalSection
	GlobalSection(ExtensibilityGlobals) = postSolution
		SolutionGuid = {F7A0F762-636B-40FD-917A-94CC299A10CD}
	EndGlobalSection
EndGlobal
