
Microsoft Visual Studio Solution File, Format Version 12.00
# Visual Studio 15
VisualStudioVersion = 15.0.27703.2000
MinimumVisualStudioVersion = 10.0.40219.1
Project("{FAE04EC0-301F-11D3-BF4B-00C04F79EFBC}") = "Lecture_2_3_Kalodzka_Mikalai", "Lecture_2_3_Kalodzka_Mikalai\Lecture_2_3_Kalodzka_Mikalai.csproj", "{800FF26B-B194-4616-A678-492F7EBD4C49}"
EndProject
Global
	GlobalSection(SolutionConfigurationPlatforms) = preSolution
		Debug|Any CPU = Debug|Any CPU
		Release|Any CPU = Release|Any CPU
	EndGlobalSection
	GlobalSection(ProjectConfigurationPlatforms) = postSolution
		{800FF26B-B194-4616-A678-492F7EBD4C49}.Debug|Any CPU.ActiveCfg = Debug|Any CPU
		{800FF26B-B194-4616-A678-492F7EBD4C49}.Debug|Any CPU.Build.0 = Debug|Any CPU
		{800FF26B-B194-4616-A678-492F7EBD4C49}.Release|Any CPU.ActiveCfg = Release|Any CPU
		{800FF26B-B194-4616-A678-492F7EBD4C49}.Release|Any CPU.Build.0 = Release|Any CPU
	EndGlobalSection
	GlobalSection(SolutionProperties) = preSolution
		HideSolutionNode = FALSE
	EndGlobalSection
	GlobalSection(ExtensibilityGlobals) = postSolution
		SolutionGuid = {DD8CA240-ADF9-4781-8B04-3F57FD296770}
	EndGlobalSection
EndGlobal
